
Microsoft Visual Studio Solution File, Format Version 12.00
# Visual Studio Version 16
VisualStudioVersion = 16.0.31515.178
MinimumVisualStudioVersion = 10.0.40219.1
Project("{FAE04EC0-301F-11D3-BF4B-00C04F79EFBC}") = "Dynamic Timetable Generator", "Dynamic Timetable Generator.csproj", "{A968AE0D-CE33-4BCD-940D-36ACE880F210}"
EndProject
Global
	GlobalSection(SolutionConfigurationPlatforms) = preSolution
		Debug|Any CPU = Debug|Any CPU
		Release|Any CPU = Release|Any CPU
	EndGlobalSection
	GlobalSection(ProjectConfigurationPlatforms) = postSolution
		{A968AE0D-CE33-4BCD-940D-36ACE880F210}.Debug|Any CPU.ActiveCfg = Debug|Any CPU
		{A968AE0D-CE33-4BCD-940D-36ACE880F210}.Debug|Any CPU.Build.0 = Debug|Any CPU
		{A968AE0D-CE33-4BCD-940D-36ACE880F210}.Release|Any CPU.ActiveCfg = Release|Any CPU
		{A968AE0D-CE33-4BCD-940D-36ACE880F210}.Release|Any CPU.Build.0 = Release|Any CPU
	EndGlobalSection
	GlobalSection(SolutionProperties) = preSolution
		HideSolutionNode = FALSE
	EndGlobalSection
	GlobalSection(ExtensibilityGlobals) = postSolution
		SolutionGuid = {BD694942-0F0B-404F-8432-0142F1101EF6}
	EndGlobalSection
EndGlobal
